// !$*UTF8*$!
{
	archiveVersion = 1;
	classes = {
	};
	objectVersion = 46;
	objects = {

/* Begin PBXBuildFile section */
		E53678B31F0D0D9B00488815 /* AppDelegate.swift in Sources */ = {isa = PBXBuildFile; fileRef = E53678B21F0D0D9B00488815 /* AppDelegate.swift */; };
		E53678B51F0D0D9B00488815 /* ViewController.swift in Sources */ = {isa = PBXBuildFile; fileRef = E53678B41F0D0D9B00488815 /* ViewController.swift */; };
		E53678B81F0D0D9B00488815 /* Main.storyboard in Resources */ = {isa = PBXBuildFile; fileRef = E53678B61F0D0D9B00488815 /* Main.storyboard */; };
		E53678BA1F0D0D9B00488815 /* Assets.xcassets in Resources */ = {isa = PBXBuildFile; fileRef = E53678B91F0D0D9B00488815 /* Assets.xcassets */; };
		E53678BD1F0D0D9B00488815 /* LaunchScreen.storyboard in Resources */ = {isa = PBXBuildFile; fileRef = E53678BB1F0D0D9B00488815 /* LaunchScreen.storyboard */; };
		E53678C51F0D0EA600488815 /* testfile.swift in Sources */ = {isa = PBXBuildFile; fileRef = E53678C41F0D0EA600488815 /* testfile.swift */; };
/* End PBXBuildFile section */

/* Begin PBXFileReference section */
		E53678AF1F0D0D9B00488815 /* testingproject.app */ = {isa = PBXFileReference; explicitFileType = wrapper.application; includeInIndex = 0; path = testingproject.app; sourceTree = BUILT_PRODUCTS_DIR; };
		E53678B21F0D0D9B00488815 /* AppDelegate.swift */ = {isa = PBXFileReference; lastKnownFileType = sourcecode.swift; path = AppDelegate.swift; sourceTree = "<group>"; };
		E53678B41F0D0D9B00488815 /* ViewController.swift */ = {isa = PBXFileReference; lastKnownFileType = sourcecode.swift; path = ViewController.swift; sourceTree = "<group>"; };
		E53678B71F0D0D9B00488815 /* Base */ = {isa = PBXFileReference; lastKnownFileType = file.storyboard; name = Base; path = Base.lproj/Main.storyboard; sourceTree = "<group>"; };
		E53678B91F0D0D9B00488815 /* Assets.xcassets */ = {isa = PBXFileReference; lastKnownFileType = folder.assetcatalog; path = Assets.xcassets; sourceTree = "<group>"; };
		E53678BC1F0D0D9B00488815 /* Base */ = {isa = PBXFileReference; lastKnownFileType = file.storyboard; name = Base; path = Base.lproj/LaunchScreen.storyboard; sourceTree = "<group>"; };
		E53678BE1F0D0D9B00488815 /* Info.plist */ = {isa = PBXFileReference; lastKnownFileType = text.plist.xml; path = Info.plist; sourceTree = "<group>"; };
		E53678C41F0D0EA600488815 /* testfile.swift */ = {isa = PBXFileReference; fileEncoding = 4; lastKnownFileType = sourcecode.swift; path = testfile.swift; sourceTree = "<group>"; };
/* End PBXFileReference section */

/* Begin PBXFrameworksBuildPhase section */
		E53678AC1F0D0D9B00488815 /* Frameworks */ = {
			isa = PBXFrameworksBuildPhase;
			buildActionMask = 2147483647;
			files = (
			);
			runOnlyForDeploymentPostprocessing = 0;
		};
/* End PBXFrameworksBuildPhase section */

/* Begin PBXGroup section */
		E53678A61F0D0D9B00488815 = {
			isa = PBXGroup;
			children = (
				E53678B11F0D0D9B00488815 /* testingproject */,
				E53678B01F0D0D9B00488815 /* Products */,
			);
			sourceTree = "<group>";
		};
		E53678B01F0D0D9B00488815 /* Products */ = {
			isa = PBXGroup;
			children = (
				E53678AF1F0D0D9B00488815 /* testingproject.app */,
			);
			name = Products;
			sourceTree = "<group>";
		};
		E53678B11F0D0D9B00488815 /* testingproject */ = {
			isa = PBXGroup;
			children = (
				E53678B21F0D0D9B00488815 /* AppDelegate.swift */,
				E53678B41F0D0D9B00488815 /* ViewController.swift */,
				E53678B61F0D0D9B00488815 /* Main.storyboard */,
				E53678B91F0D0D9B00488815 /* Assets.xcassets */,
				E53678BB1F0D0D9B00488815 /* LaunchScreen.storyboard */,
				E53678BE1F0D0D9B00488815 /* Info.plist */,
				E53678C41F0D0EA600488815 /* testfile.swift */,
			);
			path = testingproject;
			sourceTree = "<group>";
		};
/* End PBXGroup section */

/* Begin PBXNativeTarget section */
		E53678AE1F0D0D9B00488815 /* testingproject */ = {
			isa = PBXNativeTarget;
			buildConfigurationList = E53678C11F0D0D9B00488815 /* Build configuration list for PBXNativeTarget "testingproject" */;
			buildPhases = (
				E53678AB1F0D0D9B00488815 /* Sources */,
				E53678AC1F0D0D9B00488815 /* Frameworks */,
				E53678AD1F0D0D9B00488815 /* Resources */,
			);
			buildRules = (
			);
			dependencies = (
			);
			name = testingproject;
			productName = testingproject;
			productReference = E53678AF1F0D0D9B00488815 /* testingproject.app */;
			productType = "com.apple.product-type.application";
		};
/* End PBXNativeTarget section */

/* Begin PBXProject section */
		E53678A71F0D0D9B00488815 /* Project object */ = {
			isa = PBXProject;
			attributes = {
				LastSwiftUpdateCheck = 0820;
				LastUpgradeCheck = 0820;
				ORGANIZATIONNAME = "Puneet Acharya";
				TargetAttributes = {
					E53678AE1F0D0D9B00488815 = {
						CreatedOnToolsVersion = 8.2;
						ProvisioningStyle = Automatic;
					};
				};
			};
			buildConfigurationList = E53678AA1F0D0D9B00488815 /* Build configuration list for PBXProject "testingproject" */;
			compatibilityVersion = "Xcode 3.2";
			developmentRegion = English;
			hasScannedForEncodings = 0;
			knownRegions = (
				en,
				Base,
			);
			mainGroup = E53678A61F0D0D9B00488815;
			productRefGroup = E53678B01F0D0D9B00488815 /* Products */;
			projectDirPath = "";
			projectRoot = "";
			targets = (
				E53678AE1F0D0D9B00488815 /* testingproject */,
			);
		};
/* End PBXProject section */

/* Begin PBXResourcesBuildPhase section */
		E53678AD1F0D0D9B00488815 /* Resources */ = {
			isa = PBXResourcesBuildPhase;
			buildActionMask = 2147483647;
			files = (
				E53678BD1F0D0D9B00488815 /* LaunchScreen.storyboard in Resources */,
				E53678BA1F0D0D9B00488815 /* Assets.xcassets in Resources */,
				E53678B81F0D0D9B00488815 /* Main.storyboard in Resources */,
			);
			runOnlyForDeploymentPostprocessing = 0;
		};
/* End PBXResourcesBuildPhase section */

/* Begin PBXSourcesBuildPhase section */
		E53678AB1F0D0D9B00488815 /* Sources */ = {
			isa = PBXSourcesBuildPhase;
			buildActionMask = 2147483647;
			files = (
				E53678B51F0D0D9B00488815 /* ViewController.swift in Sources */,
				E53678C51F0D0EA600488815 /* testfile.swift in Sources */,
				E53678B31F0D0D9B00488815 /* AppDelegate.swift in Sources */,
			);
			runOnlyForDeploymentPostprocessing = 0;
		};
/* End PBXSourcesBuildPhase section */

/* Begin PBXVariantGroup section */
		E53678B61F0D0D9B00488815 /* Main.storyboard */ = {
			isa = PBXVariantGroup;
			children = (
				E53678B71F0D0D9B00488815 /* Base */,
			);
			name = Main.storyboard;
			sourceTree = "<group>";
		};
		E53678BB1F0D0D9B00488815 /* LaunchScreen.storyboard */ = {
			isa = PBXVariantGroup;
			children = (
				E53678BC1F0D0D9B00488815 /* Base */,
			);
			name = LaunchScreen.storyboard;
			sourceTree = "<group>";
		};
/* End PBXVariantGroup section */

/* Begin XCBuildConfiguration section */
		E53678BF1F0D0D9B00488815 /* Debug */ = {
			isa = XCBuildConfiguration;
			buildSettings = {
				ALWAYS_SEARCH_USER_PATHS = NO;
				CLANG_ANALYZER_NONNULL = YES;
				CLANG_CXX_LANGUAGE_STANDARD = "gnu++0x";
				CLANG_CXX_LIBRARY = "libc++";
				CLANG_ENABLE_MODULES = YES;
				CLANG_ENABLE_OBJC_ARC = YES;
				CLANG_WARN_BOOL_CONVERSION = YES;
				CLANG_WARN_CONSTANT_CONVERSION = YES;
				CLANG_WARN_DIRECT_OBJC_ISA_USAGE = YES_ERROR;
				CLANG_WARN_DOCUMENTATION_COMMENTS = YES;
				CLANG_WARN_EMPTY_BODY = YES;
				CLANG_WARN_ENUM_CONVERSION = YES;
				CLANG_WARN_INFINITE_RECURSION = YES;
				CLANG_WARN_INT_CONVERSION = YES;
				CLANG_WARN_OBJC_ROOT_CLASS = YES_ERROR;
				CLANG_WARN_SUSPICIOUS_MOVE = YES;
				CLANG_WARN_UNREACHABLE_CODE = YES;
				CLANG_WARN__DUPLICATE_METHOD_MATCH = YES;
				"CODE_SIGN_IDENTITY[sdk=iphoneos*]" = "iPhone Developer";
				COPY_PHASE_STRIP = NO;
				DEBUG_INFORMATION_FORMAT = dwarf;
				ENABLE_STRICT_OBJC_MSGSEND = YES;
				ENABLE_TESTABILITY = YES;
				GCC_C_LANGUAGE_STANDARD = gnu99;
				GCC_DYNAMIC_NO_PIC = NO;
				GCC_NO_COMMON_BLOCKS = YES;
				GCC_OPTIMIZATION_LEVEL = 0;
				GCC_PREPROCESSOR_DEFINITIONS = (
					"DEBUG=1",
					"$(inherited)",
				);
				GCC_WARN_64_TO_32_BIT_CONVERSION = YES;
				GCC_WARN_ABOUT_RETURN_TYPE = YES_ERROR;
				GCC_WARN_UNDECLARED_SELECTOR = YES;
				GCC_WARN_UNINITIALIZED_AUTOS = YES_AGGRESSIVE;
				GCC_WARN_UNUSED_FUNCTION = YES;
				GCC_WARN_UNUSED_VARIABLE = YES;
				IPHONEOS_DEPLOYMENT_TARGET = 10.2;
				MTL_ENABLE_DEBUG_INFO = YES;
				ONLY_ACTIVE_ARCH = YES;
				SDKROOT = iphoneos;
				SWIFT_ACTIVE_COMPILATION_CONDITIONS = DEBUG;
				SWIFT_OPTIMIZATION_LEVEL = "-Onone";
			};
			name = Debug;
		};
		E53678C01F0D0D9B00488815 /* Release */ = {
			isa = XCBuildConfiguration;
			buildSettings = {
				ALWAYS_SEARCH_USER_PATHS = NO;
				CLANG_ANALYZER_NONNULL = YES;
				CLANG_CXX_LANGUAGE_STANDARD = "gnu++0x";
				CLANG_CXX_LIBRARY = "libc++";
				CLANG_ENABLE_MODULES = YES;
				CLANG_ENABLE_OBJC_ARC = YES;
				CLANG_WARN_BOOL_CONVERSION = YES;
				CLANG_WARN_CONSTANT_CONVERSION = YES;
				CLANG_WARN_DIRECT_OBJC_ISA_USAGE = YES_ERROR;
				CLANG_WARN_DOCUMENTATION_COMMENTS = YES;
				CLANG_WARN_EMPTY_BODY = YES;
				CLANG_WARN_ENUM_CONVERSION = YES;
				CLANG_WARN_INFINITE_RECURSION = YES;
				CLANG_WARN_INT_CONVERSION = YES;
				CLANG_WARN_OBJC_ROOT_CLASS = YES_ERROR;
				CLANG_WARN_SUSPICIOUS_MOVE = YES;
				CLANG_WARN_UNREACHABLE_CODE = YES;
				CLANG_WARN__DUPLICATE_METHOD_MATCH = YES;
				"CODE_SIGN_IDENTITY[sdk=iphoneos*]" = "iPhone Developer";
				COPY_PHASE_STRIP = NO;
				DEBUG_INFORMATION_FORMAT = "dwarf-with-dsym";
				ENABLE_NS_ASSERTIONS = NO;
				ENABLE_STRICT_OBJC_MSGSEND = YES;
				GCC_C_LANGUAGE_STANDARD = gnu99;
				GCC_NO_COMMON_BLOCKS = YES;
				GCC_WARN_64_TO_32_BIT_CONVERSION = YES;
				GCC_WARN_ABOUT_RETURN_TYPE = YES_ERROR;
				GCC_WARN_UNDECLARED_SELECTOR = YES;
				GCC_WARN_UNINITIALIZED_AUTOS = YES_AGGRESSIVE;
				GCC_WARN_UNUSED_FUNCTION = YES;
				GCC_WARN_UNUSED_VARIABLE = YES;
				IPHONEOS_DEPLOYMENT_TARGET = 10.2;
				MTL_ENABLE_DEBUG_INFO = NO;
				SDKROOT = iphoneos;
				SWIFT_OPTIMIZATION_LEVEL = "-Owholemodule";
				VALIDATE_PRODUCT = YES;
			};
			name = Release;
		};
		E53678C21F0D0D9B00488815 /* Debug */ = {
			isa = XCBuildConfiguration;
			buildSettings = {
				ASSETCATALOG_COMPILER_APPICON_NAME = AppIcon;
				INFOPLIST_FILE = testingproject/Info.plist;
				LD_RUNPATH_SEARCH_PATHS = "$(inherited) @executable_path/Frameworks";
				PRODUCT_BUNDLE_IDENTIFIER = aaa.testingproject;
				PRODUCT_NAME = "$(TARGET_NAME)";
				SWIFT_VERSION = 3.0;
			};
			name = Debug;
		};
		E53678C31F0D0D9B00488815 /* Release */ = {
			isa = XCBuildConfiguration;
			buildSettings = {
				ASSETCATALOG_COMPILER_APPICON_NAME = AppIcon;
				INFOPLIST_FILE = testingproject/Info.plist;
				LD_RUNPATH_SEARCH_PATHS = "$(inherited) @executable_path/Frameworks";
				PRODUCT_BUNDLE_IDENTIFIER = aaa.testingproject;
				PRODUCT_NAME = "$(TARGET_NAME)";
				SWIFT_VERSION = 3.0;
			};
			name = Release;
		};
/* End XCBuildConfiguration section */

/* Begin XCConfigurationList section */
		E53678AA1F0D0D9B00488815 /* Build configuration list for PBXProject "testingproject" */ = {
			isa = XCConfigurationList;
			buildConfigurations = (
				E53678BF1F0D0D9B00488815 /* Debug */,
				E53678C01F0D0D9B00488815 /* Release */,
			);
			defaultConfigurationIsVisible = 0;
			defaultConfigurationName = Release;
		};
		E53678C11F0D0D9B00488815 /* Build configuration list for PBXNativeTarget "testingproject" */ = {
			isa = XCConfigurationList;
			buildConfigurations = (
				E53678C21F0D0D9B00488815 /* Debug */,
				E53678C31F0D0D9B00488815 /* Release */,
			);
			defaultConfigurationIsVisible = 0;
			defaultConfigurationName = Release;
		};
/* End XCConfigurationList section */
	};
	rootObject = E53678A71F0D0D9B00488815 /* Project object */;
}
